changkun.de/x/cyclemod v0.1.0/go.mod h1:MQwZ42YX6mBSwPAAWmn5aEmUDVJiSGUuXVvMmhQmIaM=
changkun.de/x/cyclemod v0.2.0 h1:IvNJipB77P4lD9FYGsL7XCTEe5+DvkfbfhHpVXN/SvE=
changkun.de/x/cyclemod v0.2.0/go.mod h1:fiyOK9G0kStEpLDhFH8TmfHDpDZ46OpmI+mQ2zY9ILo=
changkun.de/x/cyclemod2 v0.1.0/go.mod h1:RNghfEeU4z6Kp3si3GzLYsMLR+2TRfqQyhO1fqowIdA=
